github.com/aws/aws-sdk-go-v2 v1.9.1 h1:ZbovGV/qo40nrOJ4q8G33AGICzaPI45FHQWJ9650pF4=
github.com/aws/aws-sdk-go-v2 v1.9.1/go.mod h1:cK/D0BBs0b/oWPIcX/Z/obahJK1TT7IPVjy53i/mX/4=
github.com/aws/aws-sdk-go-v2 v1.16.16 h1:M1fj4FE2lB4NzRb9Y0xdWsn2P0+2UHVxwKyOa4YJNjk=
github.com/aws/aws-sdk-go-v2 v1.16.16/go.mod h1:SwiyXi/1zTUZ6KIAmLK5V5ll8SiURNUYOqTerZPaF9k=
github.com/aws/aws-sdk-go-v2/aws/protocol/eventstream v1.4.8 h1:tcFliCWne+zOuUfKNRn8JdFBuWPDuISDH08wD2ULkhk=
github.com/aws/aws-sdk-go-v2/aws/protocol/eventstream v1.4.8/go.mod h1:JTnlBSot91steJeti4ryyu/tLd4Sk84O5W22L7O2EQU=
github.com/aws/aws-sdk-go-v2/config v1.8.2 h1:Dqy4ySXFmulRmZhfynm/5CD4Y6aXiTVhDtXLIuUe/r0=
github.com/aws/aws-sdk-go-v2/config v1.8.2/go.mod h1:r0bkX9NyuCuf28qVcsEMtpAQibT7gA1Q0gzkjvgJdLU=
github.com/aws/aws-sdk-go-v2/config v1.17.8 h1:b9LGqNnOdg9vR4Q43tBTVWk4J6F+W774MSchvKJsqnE=
github.com/aws/aws-sdk-go-v2/config v1.17.8/go.mod h1:UkCI3kb0sCdvtjiXYiU4Zx5h07BOpgBTtkPu/49r+kA=
github.com/aws/aws-sdk-go-v2/credentials v1.4.2 h1:8kVE4Og6wlhVrMGiORQ3p9gRj2exjzhFRB+QzWBUa5Q=
github.com/aws/aws-sdk-go-v2/credentials v1.4.2/go.mod h1:9Sp6u121/f0NnvHyhG7dgoYeUTEFC2vsvJqJ6wXpkaI=
github.com/aws/aws-sdk-go-v2/credentials v1.12.21 h1:4tjlyCD0hRGNQivh5dN8hbP30qQhMLBE/FgQR1vHHWM=
github.com/aws/aws-sdk-go-v2/credentials v1.12.21/go.mod h1:O+4XyAt4e+oBAoIwNUYkRg3CVMscaIJdmZBOcPgJ8D8=
github.com/aws/aws-sdk-go-v2/feature/ec2/imds v1.5.1 h1:Nm+BxqBtT0r+AnD6byGMCGT4Km0QwHBy8mAYptNPXY4=
github.com/aws/aws-sdk-go-v2/feature/ec2/imds v1.5.1/go.mod h1:W1ldHfsgeGlKpJ4xZMKZUI6Wmp6EAstU7PxnhbXWWrI=
github.com/aws/aws-sdk-go-v2/feature/ec2/imds v1.12.17 h1:r08j4sbZu/RVi+BNxkBJwPMUYY3P8mgSDuKkZ/ZN1lE=
github.com/aws/aws-sdk-go-v2/feature/ec2/imds v1.12.17/go.mod h1:yIkQcCDYNsZfXpd5UX2Cy+sWA1jPgIhGTw9cOBzfVnQ=
github.com/aws/aws-sdk-go-v2/feature/s3/manager v1.11.34 h1:1PNtaCM+2ruo1dfYL2RweUdtbuPvinjAejjNcPa/RQY=
github.com/aws/aws-sdk-go-v2/feature/s3/manager v1.11.34/go.mod h1:+Six+CXNHYllXam32j+YW8ixk82+am345ei89kEz8p4=
github.com/aws/aws-sdk-go-v2/internal/configsources v1.1.23 h1:s4g/wnzMf+qepSNgTvaQQHNxyMLKSawNhKCPNy++2xY=
github.com/aws/aws-sdk-go-v2/internal/configsources v1.1.23/go.mod h1:2DFxAQ9pfIRy0imBCJv+vZ2X6RKxves6fbnEuSry6b4=
github.com/aws/aws-sdk-go-v2/internal/endpoints/v2 v2.4.17 h1:/K482T5A3623WJgWT8w1yRAFK4RzGzEl7y39yhtn9eA=
github.com/aws/aws-sdk-go-v2/internal/endpoints/v2 v2.4.17/go.mod h1:pRwaTYCJemADaqCbUAxltMoHKata7hmB5PjEXeu0kfg=
github.com/aws/aws-sdk-go-v2/internal/ini v1.2.3 h1:NnXJXUz7oihrSlPKEM0yZ19b+7GQ47MX/LluLlEyE/Y=
github.com/aws/aws-sdk-go-v2/internal/ini v1.2.3/go.mod h1:EES9ToeC3h063zCFDdqWGnARExNdULPaBvARm1FLwxA=
github.com/aws/aws-sdk-go-v2/internal/ini v1.3.24 h1:wj5Rwc05hvUSvKuOF29IYb9QrCLjU+rHAy/x/o0DK2c=
github.com/aws/aws-sdk-go-v2/internal/ini v1.3.24/go.mod h1:jULHjqqjDlbyTa7pfM7WICATnOv+iOhjletM3N0Xbu8=
github.com/aws/aws-sdk-go-v2/internal/v4a v1.0.14 h1:ZSIPAkAsCCjYrhqfw2+lNzWDzxzHXEckFkTePL5RSWQ=
github.com/aws/aws-sdk-go-v2/internal/v4a v1.0.14/go.mod h1:AyGgqiKv9ECM6IZeNQtdT8NnMvUb3/2wokeq2Fgryto=
github.com/aws/aws-sdk-go-v2/service/internal/accept-encoding v1.3.0 h1:gceOysEWNNwLd6cki65IMBZ4WAM0MwgBQq2n7kejoT8=
github.com/aws/aws-sdk-go-v2/service/internal/accept-encoding v1.3.0/go.mod h1:v8ygadNyATSm6elwJ/4gzJwcFhri9RqS8skgHKiwXPU=
github.com/aws/aws-sdk-go-v2/service/internal/accept-encoding v1.9.9 h1:Lh1AShsuIJTwMkoxVCAYPJgNG5H+eN6SmoUn8nOZ5wE=
github.com/aws/aws-sdk-go-v2/service/internal/accept-encoding v1.9.9/go.mod h1:a9j48l6yL5XINLHLcOKInjdvknN+vWqPBxqeIDw7ktw=
github.com/aws/aws-sdk-go-v2/service/internal/checksum v1.1.18 h1:BBYoNQt2kUZUUK4bIPsKrCcjVPUMNsgQpNAwhznK/zo=
github.com/aws/aws-sdk-go-v2/service/internal/checksum v1.1.18/go.mod h1:NS55eQ4YixUJPTC+INxi2/jCqe1y2Uw3rnh9wEOVJxY=
github.com/aws/aws-sdk-go-v2/service/internal/presigned-url v1.3.1 h1:APEjhKZLFlNVLATnA/TJyA+w1r/xd5r5ACWBDZ9aIvc=
github.com/aws/aws-sdk-go-v2/service/internal/presigned-url v1.3.1/go.mod h1:Ve+eJOx9UWaT/lMVebnFhDhO49fSLVedHoA82+Rqme0=
github.com/aws/aws-sdk-go-v2/service/internal/presigned-url v1.9.17 h1:Jrd/oMh0PKQc6+BowB+pLEwLIgaQF29eYbe7E1Av9Ug=
github.com/aws/aws-sdk-go-v2/service/internal/presigned-url v1.9.17/go.mod h1:4nYOrY41Lrbk2170/BGkcJKBhws9Pfn8MG3aGqjjeFI=
github.com/aws/aws-sdk-go-v2/service/internal/s3shared v1.7.1 h1:YEz2KMyqK2zyG3uOa0l2xBc/H6NUVJir8FhwHQHF3rc=
github.com/aws/aws-sdk-go-v2/service/internal/s3shared v1.7.1/go.mod h1:yg4EN/BKoc7+DLhNOxxdvoO3+iyW2FuynvaKqLcLDUM=
github.com/aws/aws-sdk-go-v2/service/internal/s3shared v1.13.17 h1:HfVVR1vItaG6le+Bpw6P4midjBDMKnjMyZnw9MXYUcE=
github.com/aws/aws-sdk-go-v2/service/internal/s3shared v1.13.17/go.mod h1:YqMdV+gEKCQ59NrB7rzrJdALeBIsYiVi8Inj3+KcqHI=
github.com/aws/aws-sdk-go-v2/service/s3 v1.16.0 h1:dt1JQFj/135ozwGIWeCM3aQ8N/kB3Xu3Uu4r9zuOIyc=
github.com/aws/aws-sdk-go-v2/service/s3 v1.16.0/go.mod h1:Tk23mCmfL3wb3tNIeMk/0diUZ0W4R6uZtjYKguMLW2s=
github.com/aws/aws-sdk-go-v2/service/s3 v1.27.11 h1:3/gm/JTX9bX8CpzTgIlrtYpB3EVBDxyg/GY/QdcIEZw=
github.com/aws/aws-sdk-go-v2/service/s3 v1.27.11/go.mod h1:fmgDANqTUCxciViKl9hb/zD5LFbvPINFRgWhDbR+vZo=
github.com/aws/aws-sdk-go-v2/service/sso v1.4.1 h1:RfgQyv3bFT2Js6XokcrNtTjQ6wAVBRpoCgTFsypihHA=
github.com/aws/aws-sdk-go-v2/service/sso v1.4.1/go.mod h1:ycPdbJZlM0BLhuBnd80WX9PucWPG88qps/2jl9HugXs=
github.com/aws/aws-sdk-go-v2/service/sso v1.11.23 h1:pwvCchFUEnlceKIgPUouBJwK81aCkQ8UDMORfeFtW10=
github.com/aws/aws-sdk-go-v2/service/sso v1.11.23/go.mod h1:/w0eg9IhFGjGyyncHIQrXtU8wvNsTJOP0R6PPj0wf80=
github.com/aws/aws-sdk-go-v2/service/ssooidc v1.13.6 h1:OwhhKc1P9ElfWbMKPIbMMZBV6hzJlL2JKD76wNNVzgQ=
github.com/aws/aws-sdk-go-v2/service/ssooidc v1.13.6/go.mod h1:csZuQY65DAdFBt1oIjO5hhBR49kQqop4+lcuCjf2arA=
github.com/aws/aws-sdk-go-v2/service/sts v1.7.1 h1:7ce9ugapSgBapwLhg7AJTqKW5U92VRX3vX65k2tsB+g=
github.com/aws/aws-sdk-go-v2/service/sts v1.7.1/go.mod h1:r1i8QwKPzwByXqZb3POQfBs7jozrdnHz8PVbsvyx73w=
github.com/aws/aws-sdk-go-v2/service/sts v1.16.19 h1:9pPi0PsFNAGILFfPCk8Y0iyEBGc6lu6OQ97U7hmdesg=
github.com/aws/aws-sdk-go-v2/service/sts v1.16.19/go.mod h1:h4J3oPZQbxLhzGnk+j9dfYHi5qIOVJ5kczZd658/ydM=
github.com/aws/smithy-go v1.8.0 h1:AEwwwXQZtUwP5Mz506FeXXrKBe0jA8gVM+1gEcSRooc=
github.com/aws/smithy-go v1.8.0/go.mod h1:SObp3lf9smib00L/v3U2eAKG8FyQ7iLrJnQiAmR5n+E=
github.com/aws/smithy-go v1.13.3 h1:l7LYxGuzK6/K+NzJ2mC+VvLUbae0sL3bXU//04MkmnA=
github.com/aws/smithy-go v1.13.3/go.mod h1:Tg+OJXh4MB2R/uN61Ko2f6hTZwB/ZYGOtib8J3gBHzA=
github.com/davecgh/go-spew v1.1.0/go.mod h1:J7Y8YcW2NihsgmVo/mv3lAwl/skON4iLHjSsI+c5H38=
github.com/dustin/go-humanize v1.0.0 h1:VSnTsYCnlFHaM2/igO1h6X3HA71jcobQuxemgkq4zYo=
github.com/dustin/go-humanize v1.0.0/go.mod h1:HtrtbFcZ19U5GC7JDqmcUSB87Iq5E25KnS6fMYU6eOk=
github.com/google/go-cmp v0.5.4/go.mod h1:v8dTdLbMG2kIc/vJvl+f65V22dbkXbowE6jgT/gNBxE=
github.com/google/go-cmp v0.5.6 h1:BKbKCqvP6I+rmFHt06ZmyQtvB8xAkWdhFyr0ZUNZcxQ=
github.com/google/go-cmp v0.5.6/go.mod h1:v8dTdLbMG2kIc/vJvl+f65V22dbkXbowE6jgT/gNBxE=
github.com/google/go-cmp v0.5.8 h1:e6P7q2lk1O+qJJb4BtCQXlK8vWEO8V1ZeuEdJNOqZyg=
github.com/google/go-cmp v0.5.8/go.mod h1:17dUlkBOakJ0+DkrSSNjCkIjxS6bF9zb3elmeNGIjoY=
github.com/jmespath/go-jmespath v0.4.0 h1:BEgLn5cpjn8UN1mAw4NjwDrS35OdebyEtFe+9YPoQUg=
github.com/jmespath/go-jmespath v0.4.0/go.mod h1:T8mJZnbsbmF+m6zOOFylbeCJqk5+pHWvzYPziyZiYoo=
github.com/jmespath/go-jmespath/internal/testify v1.5.1/go.mod h1:L3OGu8Wl2/fWfCI6z80xFu9LTZmf1ZRjMHUOPmWr69U=
github.com/pkg/errors v0.9.1 h1:FEBLx1zS214owpjy7qsBeixbURkuhQAwrK5UwLGTwt4=
github.com/pkg/errors v0.9.1/go.mod h1:bwawxfHBFNV+L2hUp1rHADufV3IMtnDRdf1r5NINEl0=
github.com/pmezard/go-difflib v1.0.0/go.mod h1:iKH77koFhYxTK1pcRnkKkqfTogsbg7gZNVY4sRDYZ/4=
github.com/stretchr/objx v0.1.0/go.mod h1:HFkY916IF+rwdDfMAkV7OtwuqBVzrE8GR6GFx+wExME=
golang.org/x/xerrors v0.0.0-20191204190536-9bdfabe68543 h1:E7g+9GITq07hpfrRu66IVDexMakfv52eLZ2CXBWiKr4=
golang.org/x/xerrors v0.0.0-20191204190536-9bdfabe68543/go.mod h1:I/5z698sn9Ka8TeJc9MKroUUfqBBauWjQqLJ2OPfmY0=
gopkg.in/check.v1 v0.0.0-20161208181325-20d25e280405/go.mod h1:Co6ibVJAznAaIkqp8huTwlJQCZ016jof/cbN4VW5Yz0=
gopkg.in/yaml.v2 v2.2.8/go.mod h1:hI93XBmqTisBFMUTm0b8Fm+jr3Dg1NNxqwp+5A1VGuI=
